{
  "version": "5",
  "specifiers": {
    "npm:@duckdb/duckdb-wasm@*": "1.30.0",
    "npm:pgsql-ast-parser@*": "12.0.1"
  },
  "npm": {
    "@duckdb/duckdb-wasm@1.30.0": {
      "integrity": "sha512-9aWrm+4ayl4sTlvGtl/b+LxrUyXaac3yyVqkoJ3F7Vkd62PoS8PcQIRJ/KjXBW36LP1CnPY5jjvFyIcTFLtcXA==",
      "dependencies": [
        "apache-arrow"
      ]
    },
    "@swc/helpers@0.5.17": {
      "integrity": "sha512-5IKx/Y13RsYd+sauPb2x+U/xZikHjolzfuDgTAl/Tdf3Q8rslRvC19NKDLgAJQ6wsqADk10ntlv08nPFw/gO/A==",
      "dependencies": [
        "tslib"
      ]
    },
    "@types/command-line-args@5.2.3": {
      "integrity": "sha512-uv0aG6R0Y8WHZLTamZwtfsDLVRnOa+n+n5rEvFWL5Na5gZ8V2Teab/duDPFzIIIhs9qizDpcavCusCLJZu62Kw=="
    },
    "@types/command-line-usage@5.0.4": {
      "integrity": "sha512-BwR5KP3Es/CSht0xqBcUXS3qCAUVXwpRKsV2+arxeb65atasuXG9LykC9Ab10Cw3s2raH92ZqOeILaQbsB2ACg=="
    },
    "@types/node@20.19.25": {
      "integrity": "sha512-ZsJzA5thDQMSQO788d7IocwwQbI8B5OPzmqNvpf3NY/+MHDAS759Wo0gd2WQeXYt5AAAQjzcrTVC6SKCuYgoCQ==",
      "dependencies": [
        "undici-types"
      ]
    },
    "ansi-styles@4.3.0": {
      "integrity": "sha512-zbB9rCJAT1rbjiVDb2hqKFHNYLxgtk8NURxZ3IZwD3F6NtxbXZQCnnSi1Lkx+IDohdPlFp222wVALIheZJQSEg==",
      "dependencies": [
        "color-convert"
      ]
    },
    "apache-arrow@17.0.0": {
      "integrity": "sha512-X0p7auzdnGuhYMVKYINdQssS4EcKec9TCXyez/qtJt32DrIMGbzqiaMiQ0X6fQlQpw8Fl0Qygcv4dfRAr5Gu9Q==",
      "dependencies": [
        "@swc/helpers",
        "@types/command-line-args",
        "@types/command-line-usage",
        "@types/node",
        "command-line-args",
        "command-line-usage",
        "flatbuffers",
        "json-bignum",
        "tslib"
      ],
      "bin": true
    },
    "array-back@3.1.0": {
      "integrity": "sha512-TkuxA4UCOvxuDK6NZYXCalszEzj+TLszyASooky+i742l9TqsOdYCMJJupxRic61hwquNtppB3hgcuq9SVSH1Q=="
    },
    "array-back@6.2.2": {
      "integrity": "sha512-gUAZ7HPyb4SJczXAMUXMGAvI976JoK3qEx9v1FTmeYuJj0IBiaKttG1ydtGKdkfqWkIkouke7nG8ufGy77+Cvw=="
    },
    "chalk-template@0.4.0": {
      "integrity": "sha512-/ghrgmhfY8RaSdeo43hNXxpoHAtxdbskUHjPpfqUWGttFgycUhYPGx3YZBCnUCvOa7Doivn1IZec3DEGFoMgLg==",
      "dependencies": [
        "chalk"
      ]
    },
    "chalk@4.1.2": {
      "integrity": "sha512-oKnbhFyRIXpUuez8iBMmyEa4nbj4IOQyuhc/wy9kY7/WVPcwIO9VA668Pu8RkO7+0G76SLROeyw9CpQ061i4mA==",
      "dependencies": [
        "ansi-styles",
        "supports-color"
      ]
    },
    "color-convert@2.0.1": {
      "integrity": "sha512-RRECPsj7iu/xb5oKYcsFHSppFNnsj/52OVTRKb4zP5onXwVF3zVmmToNcOfGC+CRDpfK/U584fMg38ZHCaElKQ==",
      "dependencies": [
        "color-name"
      ]
    },
    "color-name@1.1.4": {
      "integrity": "sha512-dOy+3AuW3a2wNbZHIuMZpTcgjGuLU/uBL/ubcZF9OXbDo8ff4O8yVp5Bf0efS8uEoYo5q4Fx7dY9OgQGXgAsQA=="
    },
    "command-line-args@5.2.1": {
      "integrity": "sha512-H4UfQhZyakIjC74I9d34fGYDwk3XpSr17QhEd0Q3I9Xq1CETHo4Hcuo87WyWHpAF1aSLjLRf5lD9ZGX2qStUvg==",
      "dependencies": [
        "array-back@3.1.0",
        "find-replace",
        "lodash.camelcase",
        "typical@4.0.0"
      ]
    },
    "command-line-usage@7.0.3": {
      "integrity": "sha512-PqMLy5+YGwhMh1wS04mVG44oqDsgyLRSKJBdOo1bnYhMKBW65gZF1dRp2OZRhiTjgUHljy99qkO7bsctLaw35Q==",
      "dependencies": [
        "array-back@6.2.2",
        "chalk-template",
        "table-layout",
        "typical@7.3.0"
      ]
    },
    "commander@2.20.3": {
      "integrity": "sha512-GpVkmM8vF2vQUkj2LvZmD35JxeJOLCwJ9cUkugyk2nuhbv3+mJvpLYYt+0+USMxE+oj+ey/lJEnhZw75x/OMcQ=="
    },
    "discontinuous-range@1.0.0": {
      "integrity": "sha512-c68LpLbO+7kP/b1Hr1qs8/BJ09F5khZGTxqxZuhzxpmwJKOgRFHJWIb9/KmqnqHhLdO55aOxFH/EGBvUQbL/RQ=="
    },
    "find-replace@3.0.0": {
      "integrity": "sha512-6Tb2myMioCAgv5kfvP5/PkZZ/ntTpVK39fHY7WkWBgvbeE+VHd/tZuZ4mrC+bxh4cfOZeYKVPaJIZtZXV7GNCQ==",
      "dependencies": [
        "array-back@3.1.0"
      ]
    },
    "flatbuffers@24.12.23": {
      "integrity": "sha512-dLVCAISd5mhls514keQzmEG6QHmUUsNuWsb4tFafIUwvvgDjXhtfAYSKOzt5SWOy+qByV5pbsDZ+Vb7HUOBEdA=="
    },
    "has-flag@4.0.0": {
      "integrity": "sha512-EykJT/Q1KjTWctppgIAgfSO0tKVuZUjhgMr17kqTumMl6Afv3EISleU7qZUzoXDFTAHTDC4NOoG/ZxU3EvlMPQ=="
    },
    "json-bignum@0.0.3": {
      "integrity": "sha512-2WHyXj3OfHSgNyuzDbSxI1w2jgw5gkWSWhS7Qg4bWXx1nLk3jnbwfUeS0PSba3IzpTUWdHxBieELUzXRjQB2zg=="
    },
    "lodash.camelcase@4.3.0": {
      "integrity": "sha512-TwuEnCnxbc3rAvhf/LbG7tJUDzhqXyFnv3dtzLOPgCG/hODL7WFnsbwktkD7yUV0RrreP/l1PALq/YSg6VvjlA=="
    },
    "moo@0.5.2": {
      "integrity": "sha512-iSAJLHYKnX41mKcJKjqvnAN9sf0LMDTXDEvFv+ffuRR9a1MIuXLjMNL6EsnDHSkKLTWNqQQ5uo61P4EbU4NU+Q=="
    },
    "nearley@2.20.1": {
      "integrity": "sha512-+Mc8UaAebFzgV+KpI5n7DasuuQCHA89dmwm7JXw3TV43ukfNQ9DnBH3Mdb2g/I4Fdxc26pwimBWvjIw0UAILSQ==",
      "dependencies": [
        "commander",
        "moo",
        "railroad-diagrams",
        "randexp"
      ],
      "bin": true
    },
    "pgsql-ast-parser@12.0.1": {
      "integrity": "sha512-pe8C6Zh5MsS+o38WlSu18NhrTjAv1UNMeDTs2/Km2ZReZdYBYtwtbWGZKK2BM2izv5CrQpbmP0oI10wvHOwv4A==",
      "dependencies": [
        "moo",
        "nearley"
      ]
    },
    "railroad-diagrams@1.0.0": {
      "integrity": "sha512-cz93DjNeLY0idrCNOH6PviZGRN9GJhsdm9hpn1YCS879fj4W+x5IFJhhkRZcwVgMmFF7R82UA/7Oh+R8lLZg6A=="
    },
    "randexp@0.4.6": {
      "integrity": "sha512-80WNmd9DA0tmZrw9qQa62GPPWfuXJknrmVmLcxvq4uZBdYqb1wYoKTmnlGUchvVWe0XiLupYkBoXVOxz3C8DYQ==",
      "dependencies": [
        "discontinuous-range",
        "ret"
      ]
    },
    "ret@0.1.15": {
      "integrity": "sha512-TTlYpa+OL+vMMNG24xSlQGEJ3B/RzEfUlLct7b5G/ytav+wPrplCpVMFuwzXbkecJrb6IYo1iFb0S9v37754mg=="
    },
    "supports-color@7.2.0": {
      "integrity": "sha512-qpCAvRl9stuOHveKsn7HncJRvv501qIacKzQlO/+Lwxc9+0q2wLyv4Dfvt80/DPn2pqOBsJdDiogXGR9+OvwRw==",
      "dependencies": [
        "has-flag"
      ]
    },
    "table-layout@4.1.1": {
      "integrity": "sha512-iK5/YhZxq5GO5z8wb0bY1317uDF3Zjpha0QFFLA8/trAoiLbQD0HUbMesEaxyzUgDxi2QlcbM8IvqOlEjgoXBA==",
      "dependencies": [
        "array-back@6.2.2",
        "wordwrapjs"
      ]
    },
    "tslib@2.8.1": {
      "integrity": "sha512-oJFu94HQb+KVduSUQL7wnpmqnfmLsOA/nAh6b6EH0wCEoK0/mPeXU6c3wKDV83MkOuHPRHtSXKKU99IBazS/2w=="
    },
    "typical@4.0.0": {
      "integrity": "sha512-VAH4IvQ7BDFYglMd7BPRDfLgxZZX4O4TFcRDA6EN5X7erNJJq+McIEp8np9aVtxrCJ6qx4GTYVfOWNjcqwZgRw=="
    },
    "typical@7.3.0": {
      "integrity": "sha512-ya4mg/30vm+DOWfBg4YK3j2WD6TWtRkCbasOJr40CseYENzCUby/7rIvXA99JGsQHeNxLbnXdyLLxKSv3tauFw=="
    },
    "undici-types@6.21.0": {
      "integrity": "sha512-iwDZqg0QAGrg9Rav5H4n0M64c3mkR59cJ6wQp+7C4nI0gsmExaedaYLNO44eT4AtBBwjbTiGPMlt2Md0T9H9JQ=="
    },
    "wordwrapjs@5.1.1": {
      "integrity": "sha512-0yweIbkINJodk27gX9LBGMzyQdBDan3s/dEAiwBOj+Mf0PPyWL6/rikalkv8EeD0E8jm4o5RXEOrFTP3NXbhJg=="
    }
  },
  "remote": {
    "https://deno.land/std@0.224.0/assert/assert.ts": "09d30564c09de846855b7b071e62b5974b001bb72a4b797958fe0660e7849834",
    "https://deno.land/std@0.224.0/assert/assertion_error.ts": "ba8752bd27ebc51f723702fac2f54d3e94447598f54264a6653d6413738a8917",
    "https://deno.land/std@0.224.0/bytes/concat.ts": "86161274b5546a02bdb3154652418efe7af8c9310e8d54107a68aaa148e0f5ed",
    "https://deno.land/std@0.224.0/crypto/_wasm/lib/deno_std_wasm_crypto.generated.mjs": "7cd490ae1553c97459bd02de4c3f0a552768a85621949b2366003f3cf84b99d7",
    "https://deno.land/std@0.224.0/crypto/_wasm/mod.ts": "e89fbbc3c4722602ff975dd85f18273c7741ec766a9b68f6de4fd1d9876409f8",
    "https://deno.land/std@0.224.0/crypto/crypto.ts": "e58d78f3db111a499261dbab037ec78cc89da0516a50e1f0205665980a3417e3",
    "https://deno.land/std@0.224.0/uuid/_common.ts": "05c787c5735776c4e48e30294878332c39cb7738f50b209df4eb9f2b0facce4d",
    "https://deno.land/std@0.224.0/uuid/constants.ts": "eb6c96871e968adf3355507d7ae79adce71525fd6c1ca55c51d32ace0196d64e",
    "https://deno.land/std@0.224.0/uuid/mod.ts": "cefc8e2f77d9e493739c8dc4ec141b12b855414bf757e778bf9b00f783506b76",
    "https://deno.land/std@0.224.0/uuid/v1.ts": "cc45e7eb1d463d7d38b21a3c6e4de55ff98598ca442309321575fe841b323a54",
    "https://deno.land/std@0.224.0/uuid/v3.ts": "689f2d64a9460a75877a2eed94662d9cb31bedb890d72fce0d161ef47d66cc26",
    "https://deno.land/std@0.224.0/uuid/v4.ts": "1319a2eeff7259adda416ec5f7997ded80d3165ef0787012793fc8621c18c493",
    "https://deno.land/std@0.224.0/uuid/v5.ts": "75f76d9e53583572fe3d4893168530986222d439b1545b56d4493c6d5d1cd81d"
  },
  "workspace": {
    "dependencies": [
      "jsr:@std/assert@1",
      "npm:@duckdb/duckdb-wasm@*",
      "npm:pgsql-ast-parser@*"
    ]
  }
}
